
Microsoft Visual Studio Solution File, Format Version 12.00
# Visual Studio Version 16
VisualStudioVersion = 16.0.30204.135
MinimumVisualStudioVersion = 10.0.40219.1
Project("{FAE04EC0-301F-11D3-BF4B-00C04F79EFBC}") = "gen2", "gen2\gen2.csproj", "{0F5CFAE7-67E5-4C28-8547-3B2CF529D8EB}"
EndProject
Global
	GlobalSection(SolutionConfigurationPlatforms) = preSolution
		Debug|Any CPU = Debug|Any CPU
		Release|Any CPU = Release|Any CPU
	EndGlobalSection
	GlobalSection(ProjectConfigurationPlatforms) = postSolution
		{0F5CFAE7-67E5-4C28-8547-3B2CF529D8EB}.Debug|Any CPU.ActiveCfg = Debug|Any CPU
		{0F5CFAE7-67E5-4C28-8547-3B2CF529D8EB}.Debug|Any CPU.Build.0 = Debug|Any CPU
		{0F5CFAE7-67E5-4C28-8547-3B2CF529D8EB}.Release|Any CPU.ActiveCfg = Release|Any CPU
		{0F5CFAE7-67E5-4C28-8547-3B2CF529D8EB}.Release|Any CPU.Build.0 = Release|Any CPU
	EndGlobalSection
	GlobalSection(SolutionProperties) = preSolution
		HideSolutionNode = FALSE
	EndGlobalSection
	GlobalSection(ExtensibilityGlobals) = postSolution
		SolutionGuid = {D071DCC1-838D-40DC-8A5A-0FC282AD6040}
	EndGlobalSection
EndGlobal
